
Microsoft Visual Studio Solution File, Format Version 12.00
# Visual Studio Version 16
VisualStudioVersion = 16.0.31112.23
MinimumVisualStudioVersion = 10.0.40219.1
Project("{9A19103F-16F7-4668-BE54-9A1E7A4F7556}") = "BooksApi", "BooksApi\BooksApi.csproj", "{17256A6B-0956-4C1C-8E04-0EBA532DC07A}"
EndProject
Project("{FAE04EC0-301F-11D3-BF4B-00C04F79EFBC}") = "BooksApiTest", "BooksApiTest\BooksApiTest.csproj", "{31D5D847-5D6C-485C-A354-E3051151D4B9}"
EndProject
Global
	GlobalSection(SolutionConfigurationPlatforms) = preSolution
		Debug|Any CPU = Debug|Any CPU
		Release|Any CPU = Release|Any CPU
	EndGlobalSection
	GlobalSection(ProjectConfigurationPlatforms) = postSolution
		{17256A6B-0956-4C1C-8E04-0EBA532DC07A}.Debug|Any CPU.ActiveCfg = Debug|Any CPU
		{17256A6B-0956-4C1C-8E04-0EBA532DC07A}.Debug|Any CPU.Build.0 = Debug|Any CPU
		{17256A6B-0956-4C1C-8E04-0EBA532DC07A}.Release|Any CPU.ActiveCfg = Release|Any CPU
		{17256A6B-0956-4C1C-8E04-0EBA532DC07A}.Release|Any CPU.Build.0 = Release|Any CPU
		{31D5D847-5D6C-485C-A354-E3051151D4B9}.Debug|Any CPU.ActiveCfg = Debug|Any CPU
		{31D5D847-5D6C-485C-A354-E3051151D4B9}.Debug|Any CPU.Build.0 = Debug|Any CPU
		{31D5D847-5D6C-485C-A354-E3051151D4B9}.Release|Any CPU.ActiveCfg = Release|Any CPU
		{31D5D847-5D6C-485C-A354-E3051151D4B9}.Release|Any CPU.Build.0 = Release|Any CPU
	EndGlobalSection
	GlobalSection(SolutionProperties) = preSolution
		HideSolutionNode = FALSE
	EndGlobalSection
	GlobalSection(ExtensibilityGlobals) = postSolution
		SolutionGuid = {5D0A70E1-C30B-44B8-89B0-5033A8C7E7D8}
	EndGlobalSection
EndGlobal
